
Microsoft Visual Studio Solution File, Format Version 12.00
Project("{FAE04EC0-301F-11D3-BF4B-00C04F79EFBC}") = "APIScrutins", "APIScrutins\APIScrutins.csproj", "{412509AE-2C4D-4248-A3BA-BE50528B7B99}"
EndProject
Project("{FAE04EC0-301F-11D3-BF4B-00C04F79EFBC}") = "APIScrutins.Specs", "APIScrutins.Specs\APIScrutins.Specs.csproj", "{6DA82D84-E223-4B41-84A1-113AD6757140}"
EndProject
Global
	GlobalSection(SolutionConfigurationPlatforms) = preSolution
		Debug|Any CPU = Debug|Any CPU
		Release|Any CPU = Release|Any CPU
	EndGlobalSection
	GlobalSection(ProjectConfigurationPlatforms) = postSolution
		{412509AE-2C4D-4248-A3BA-BE50528B7B99}.Debug|Any CPU.ActiveCfg = Debug|Any CPU
		{412509AE-2C4D-4248-A3BA-BE50528B7B99}.Debug|Any CPU.Build.0 = Debug|Any CPU
		{412509AE-2C4D-4248-A3BA-BE50528B7B99}.Release|Any CPU.ActiveCfg = Release|Any CPU
		{412509AE-2C4D-4248-A3BA-BE50528B7B99}.Release|Any CPU.Build.0 = Release|Any CPU
		{6DA82D84-E223-4B41-84A1-113AD6757140}.Debug|Any CPU.ActiveCfg = Debug|Any CPU
		{6DA82D84-E223-4B41-84A1-113AD6757140}.Debug|Any CPU.Build.0 = Debug|Any CPU
		{6DA82D84-E223-4B41-84A1-113AD6757140}.Release|Any CPU.ActiveCfg = Release|Any CPU
		{6DA82D84-E223-4B41-84A1-113AD6757140}.Release|Any CPU.Build.0 = Release|Any CPU
	EndGlobalSection
EndGlobal
